
Microsoft Visual Studio Solution File, Format Version 12.00
# Visual Studio Version 17
VisualStudioVersion = 17.14.36518.9
MinimumVisualStudioVersion = 10.0.40219.1
Project("{2150E333-8FDC-42A3-9474-1A3956D46DE8}") = "Task0", "Task0", "{02EA681E-C7D8-13C7-8484-4AC65E1B71E8}"
EndProject
Project("{FAE04EC0-301F-11D3-BF4B-00C04F79EFBC}") = "Tyuiu.MolkovIS.Sprint3.Task0.V11.Lib", "Tyuiu.MolkovIS.Sprint3.Task0.V11.Lib\Tyuiu.MolkovIS.Sprint3.Task0.V11.Lib.csproj", "{21C0252B-0BB5-4C31-8F09-4995F12EAB28}"
EndProject
Project("{FAE04EC0-301F-11D3-BF4B-00C04F79EFBC}") = "Tyuiu.MolkovIS.Sprint3.Task0.V11.Test", "Tyuiu.MolkovIS.Sprint3.Task0.V11.Test\Tyuiu.MolkovIS.Sprint3.Task0.V11.Test.csproj", "{5FF98EDF-6B1E-4704-AB8D-A6249C46E1D7}"
EndProject
Project("{FAE04EC0-301F-11D3-BF4B-00C04F79EFBC}") = "Tyuiu.MolkovIS.Sprint3.Task0.V11", "Tyuiu.MolkovIS.Sprint3.Task0.V11\Tyuiu.MolkovIS.Sprint3.Task0.V11.csproj", "{F02598BE-7FFB-4F4D-8F72-E0DC8D04B7D0}"
EndProject
Project("{2150E333-8FDC-42A3-9474-1A3956D46DE8}") = "Task1", "Task1", "{A518FE3A-8C86-4229-8880-D2A1CA605C09}"
EndProject
Project("{FAE04EC0-301F-11D3-BF4B-00C04F79EFBC}") = "Tyuiu.MolkovIS.Sprint3.Task1.V5.Test", "Tyuiu.MolkovIS.Sprint3.Task1.V5.Test\Tyuiu.MolkovIS.Sprint3.Task1.V5.Test.csproj", "{6DE6B1E3-6A8B-4319-9531-41FE7984DBD2}"
EndProject
Project("{FAE04EC0-301F-11D3-BF4B-00C04F79EFBC}") = "Tyuiu.MolkovIS.Sprint3.Task1.V5", "Tyuiu.MolkovIS.Sprint3.Task1.V5\Tyuiu.MolkovIS.Sprint3.Task1.V5.csproj", "{ADB877E3-7D92-4D96-B2D4-3E67A513C5FE}"
EndProject
Project("{FAE04EC0-301F-11D3-BF4B-00C04F79EFBC}") = "Tyuiu.MolkovIS.Sprint3.Task1.V5.Lib", "Tyuiu.MolkovIS.Sprint3.Task1.V5.Lib\Tyuiu.MolkovIS.Sprint3.Task1.V5.Lib.csproj", "{39AD326D-E055-4329-A929-E421F6E44F07}"
EndProject
Project("{2150E333-8FDC-42A3-9474-1A3956D46DE8}") = "Task2", "Task2", "{2BA66D3F-2AA3-4DFD-8338-1EB46AA66AF9}"
EndProject
Project("{FAE04EC0-301F-11D3-BF4B-00C04F79EFBC}") = "Tyuiu.MolkovIS.Sprint3.Task2.V20.Lib", "Tyuiu.MolkovIS.Sprint3.Task2.V20.Lib\Tyuiu.MolkovIS.Sprint3.Task2.V20.Lib.csproj", "{84F94F6A-A3B9-49AA-AECD-1F4303BE95F0}"
EndProject
Project("{FAE04EC0-301F-11D3-BF4B-00C04F79EFBC}") = "Tyuiu.MolkovIS.Sprint3.Task2.V20", "Tyuiu.MolkovIS.Sprint3.Task2.V20\Tyuiu.MolkovIS.Sprint3.Task2.V20.csproj", "{A07A767F-3331-407F-97BD-70E77B2DF555}"
EndProject
Project("{FAE04EC0-301F-11D3-BF4B-00C04F79EFBC}") = "Tyuiu.MolkovIS.Sprint3.Task2.V20.Test", "Tyuiu.MolkovIS.Sprint3.Task2.V20.Test\Tyuiu.MolkovIS.Sprint3.Task2.V20.Test.csproj", "{62D48831-0632-481D-BCB9-A63C15736B20}"
EndProject
Project("{2150E333-8FDC-42A3-9474-1A3956D46DE8}") = "Task3", "Task3", "{AB3BBB96-E2E8-4B14-BA25-FDC7790E55BD}"
EndProject
Project("{FAE04EC0-301F-11D3-BF4B-00C04F79EFBC}") = "Tyuiu.MolkovIS.Sprint3.Task3.V10.Test", "Tyuiu.MolkovIS.Sprint3.Task3.V10.Test\Tyuiu.MolkovIS.Sprint3.Task3.V10.Test.csproj", "{B3FE20F4-125A-4457-8526-24216C30B14C}"
EndProject
Project("{FAE04EC0-301F-11D3-BF4B-00C04F79EFBC}") = "Tyuiu.MolkovIS.Sprint3.Task3.V10", "Tyuiu.MolkovIS.Sprint3.Task3.V10\Tyuiu.MolkovIS.Sprint3.Task3.V10.csproj", "{244D609E-2D7B-495C-B7E6-E4C042CD487A}"
EndProject
Project("{FAE04EC0-301F-11D3-BF4B-00C04F79EFBC}") = "Tyuiu.MolkovIS.Sprint3.Task3.V10.Lib", "Tyuiu.MolkovIS.Sprint3.Task3.V10.Lib\Tyuiu.MolkovIS.Sprint3.Task3.V10.Lib.csproj", "{FF6DB9FA-6B54-4C2B-A20E-CF5BE146294E}"
EndProject
Global
	GlobalSection(SolutionConfigurationPlatforms) = preSolution
		Debug|Any CPU = Debug|Any CPU
		Release|Any CPU = Release|Any CPU
	EndGlobalSection
	GlobalSection(ProjectConfigurationPlatforms) = postSolution
		{21C0252B-0BB5-4C31-8F09-4995F12EAB28}.Debug|Any CPU.ActiveCfg = Debug|Any CPU
		{21C0252B-0BB5-4C31-8F09-4995F12EAB28}.Debug|Any CPU.Build.0 = Debug|Any CPU
		{21C0252B-0BB5-4C31-8F09-4995F12EAB28}.Release|Any CPU.ActiveCfg = Release|Any CPU
		{21C0252B-0BB5-4C31-8F09-4995F12EAB28}.Release|Any CPU.Build.0 = Release|Any CPU
		{5FF98EDF-6B1E-4704-AB8D-A6249C46E1D7}.Debug|Any CPU.ActiveCfg = Debug|Any CPU
		{5FF98EDF-6B1E-4704-AB8D-A6249C46E1D7}.Debug|Any CPU.Build.0 = Debug|Any CPU
		{5FF98EDF-6B1E-4704-AB8D-A6249C46E1D7}.Release|Any CPU.ActiveCfg = Release|Any CPU
		{5FF98EDF-6B1E-4704-AB8D-A6249C46E1D7}.Release|Any CPU.Build.0 = Release|Any CPU
		{F02598BE-7FFB-4F4D-8F72-E0DC8D04B7D0}.Debug|Any CPU.ActiveCfg = Debug|Any CPU
		{F02598BE-7FFB-4F4D-8F72-E0DC8D04B7D0}.Debug|Any CPU.Build.0 = Debug|Any CPU
		{F02598BE-7FFB-4F4D-8F72-E0DC8D04B7D0}.Release|Any CPU.ActiveCfg = Release|Any CPU
		{F02598BE-7FFB-4F4D-8F72-E0DC8D04B7D0}.Release|Any CPU.Build.0 = Release|Any CPU
		{6DE6B1E3-6A8B-4319-9531-41FE7984DBD2}.Debug|Any CPU.ActiveCfg = Debug|Any CPU
		{6DE6B1E3-6A8B-4319-9531-41FE7984DBD2}.Debug|Any CPU.Build.0 = Debug|Any CPU
		{6DE6B1E3-6A8B-4319-9531-41FE7984DBD2}.Release|Any CPU.ActiveCfg = Release|Any CPU
		{6DE6B1E3-6A8B-4319-9531-41FE7984DBD2}.Release|Any CPU.Build.0 = Release|Any CPU
		{ADB877E3-7D92-4D96-B2D4-3E67A513C5FE}.Debug|Any CPU.ActiveCfg = Debug|Any CPU
		{ADB877E3-7D92-4D96-B2D4-3E67A513C5FE}.Debug|Any CPU.Build.0 = Debug|Any CPU
		{ADB877E3-7D92-4D96-B2D4-3E67A513C5FE}.Release|Any CPU.ActiveCfg = Release|Any CPU
		{ADB877E3-7D92-4D96-B2D4-3E67A513C5FE}.Release|Any CPU.Build.0 = Release|Any CPU
		{39AD326D-E055-4329-A929-E421F6E44F07}.Debug|Any CPU.ActiveCfg = Debug|Any CPU
		{39AD326D-E055-4329-A929-E421F6E44F07}.Debug|Any CPU.Build.0 = Debug|Any CPU
		{39AD326D-E055-4329-A929-E421F6E44F07}.Release|Any CPU.ActiveCfg = Release|Any CPU
		{39AD326D-E055-4329-A929-E421F6E44F07}.Release|Any CPU.Build.0 = Release|Any CPU
		{84F94F6A-A3B9-49AA-AECD-1F4303BE95F0}.Debug|Any CPU.ActiveCfg = Debug|Any CPU
		{84F94F6A-A3B9-49AA-AECD-1F4303BE95F0}.Debug|Any CPU.Build.0 = Debug|Any CPU
		{84F94F6A-A3B9-49AA-AECD-1F4303BE95F0}.Release|Any CPU.ActiveCfg = Release|Any CPU
		{84F94F6A-A3B9-49AA-AECD-1F4303BE95F0}.Release|Any CPU.Build.0 = Release|Any CPU
		{A07A767F-3331-407F-97BD-70E77B2DF555}.Debug|Any CPU.ActiveCfg = Debug|Any CPU
		{A07A767F-3331-407F-97BD-70E77B2DF555}.Debug|Any CPU.Build.0 = Debug|Any CPU
		{A07A767F-3331-407F-97BD-70E77B2DF555}.Release|Any CPU.ActiveCfg = Release|Any CPU
		{A07A767F-3331-407F-97BD-70E77B2DF555}.Release|Any CPU.Build.0 = Release|Any CPU
		{62D48831-0632-481D-BCB9-A63C15736B20}.Debug|Any CPU.ActiveCfg = Debug|Any CPU
		{62D48831-0632-481D-BCB9-A63C15736B20}.Debug|Any CPU.Build.0 = Debug|Any CPU
		{62D48831-0632-481D-BCB9-A63C15736B20}.Release|Any CPU.ActiveCfg = Release|Any CPU
		{62D48831-0632-481D-BCB9-A63C15736B20}.Release|Any CPU.Build.0 = Release|Any CPU
		{B3FE20F4-125A-4457-8526-24216C30B14C}.Debug|Any CPU.ActiveCfg = Debug|Any CPU
		{B3FE20F4-125A-4457-8526-24216C30B14C}.Debug|Any CPU.Build.0 = Debug|Any CPU
		{B3FE20F4-125A-4457-8526-24216C30B14C}.Release|Any CPU.ActiveCfg = Release|Any CPU
		{B3FE20F4-125A-4457-8526-24216C30B14C}.Release|Any CPU.Build.0 = Release|Any CPU
		{244D609E-2D7B-495C-B7E6-E4C042CD487A}.Debug|Any CPU.ActiveCfg = Debug|Any CPU
		{244D609E-2D7B-495C-B7E6-E4C042CD487A}.Debug|Any CPU.Build.0 = Debug|Any CPU
		{244D609E-2D7B-495C-B7E6-E4C042CD487A}.Release|Any CPU.ActiveCfg = Release|Any CPU
		{244D609E-2D7B-495C-B7E6-E4C042CD487A}.Release|Any CPU.Build.0 = Release|Any CPU
		{FF6DB9FA-6B54-4C2B-A20E-CF5BE146294E}.Debug|Any CPU.ActiveCfg = Debug|Any CPU
		{FF6DB9FA-6B54-4C2B-A20E-CF5BE146294E}.Debug|Any CPU.Build.0 = Debug|Any CPU
		{FF6DB9FA-6B54-4C2B-A20E-CF5BE146294E}.Release|Any CPU.ActiveCfg = Release|Any CPU
		{FF6DB9FA-6B54-4C2B-A20E-CF5BE146294E}.Release|Any CPU.Build.0 = Release|Any CPU
	EndGlobalSection
	GlobalSection(SolutionProperties) = preSolution
		HideSolutionNode = FALSE
	EndGlobalSection
	GlobalSection(NestedProjects) = preSolution
		{21C0252B-0BB5-4C31-8F09-4995F12EAB28} = {02EA681E-C7D8-13C7-8484-4AC65E1B71E8}
		{5FF98EDF-6B1E-4704-AB8D-A6249C46E1D7} = {02EA681E-C7D8-13C7-8484-4AC65E1B71E8}
		{F02598BE-7FFB-4F4D-8F72-E0DC8D04B7D0} = {02EA681E-C7D8-13C7-8484-4AC65E1B71E8}
		{6DE6B1E3-6A8B-4319-9531-41FE7984DBD2} = {A518FE3A-8C86-4229-8880-D2A1CA605C09}
		{ADB877E3-7D92-4D96-B2D4-3E67A513C5FE} = {A518FE3A-8C86-4229-8880-D2A1CA605C09}
		{39AD326D-E055-4329-A929-E421F6E44F07} = {A518FE3A-8C86-4229-8880-D2A1CA605C09}
		{84F94F6A-A3B9-49AA-AECD-1F4303BE95F0} = {2BA66D3F-2AA3-4DFD-8338-1EB46AA66AF9}
		{A07A767F-3331-407F-97BD-70E77B2DF555} = {2BA66D3F-2AA3-4DFD-8338-1EB46AA66AF9}
		{62D48831-0632-481D-BCB9-A63C15736B20} = {2BA66D3F-2AA3-4DFD-8338-1EB46AA66AF9}
		{B3FE20F4-125A-4457-8526-24216C30B14C} = {AB3BBB96-E2E8-4B14-BA25-FDC7790E55BD}
		{244D609E-2D7B-495C-B7E6-E4C042CD487A} = {AB3BBB96-E2E8-4B14-BA25-FDC7790E55BD}
		{FF6DB9FA-6B54-4C2B-A20E-CF5BE146294E} = {AB3BBB96-E2E8-4B14-BA25-FDC7790E55BD}
	EndGlobalSection
	GlobalSection(ExtensibilityGlobals) = postSolution
		SolutionGuid = {057673B1-F460-43C9-B870-1B8AFF0585AB}
	EndGlobalSection
EndGlobal
